// !$*UTF8*$!
{
	archiveVersion = 1;
	classes = {
	};
	objectVersion = 50;
	objects = {

/* Begin PBXBuildFile section */
		FEF3DFD42565A5DD00D7D1A8 /* AppDelegate.swift in Sources */ = {isa = PBXBuildFile; fileRef = FEF3DFD32565A5DD00D7D1A8 /* AppDelegate.swift */; };
		FEF3DFD62565A5DE00D7D1A8 /* SceneDelegate.swift in Sources */ = {isa = PBXBuildFile; fileRef = FEF3DFD52565A5DE00D7D1A8 /* SceneDelegate.swift */; };
		FEF3DFD82565A5DE00D7D1A8 /* ViewController.swift in Sources */ = {isa = PBXBuildFile; fileRef = FEF3DFD72565A5DE00D7D1A8 /* ViewController.swift */; };
		FEF3DFDB2565A5DE00D7D1A8 /* Main.storyboard in Resources */ = {isa = PBXBuildFile; fileRef = FEF3DFD92565A5DE00D7D1A8 /* Main.storyboard */; };
		FEF3DFDD2565A5DE00D7D1A8 /* Assets.xcassets in Resources */ = {isa = PBXBuildFile; fileRef = FEF3DFDC2565A5DE00D7D1A8 /* Assets.xcassets */; };
		FEF3DFE02565A5DE00D7D1A8 /* LaunchScreen.storyboard in Resources */ = {isa = PBXBuildFile; fileRef = FEF3DFDE2565A5DE00D7D1A8 /* LaunchScreen.storyboard */; };
/* End PBXBuildFile section */

/* Begin PBXFileReference section */
		FEF3DFD02565A5DD00D7D1A8 /* Lesson 3.1.app */ = {isa = PBXFileReference; explicitFileType = wrapper.application; includeInIndex = 0; path = "Lesson 3.1.app"; sourceTree = BUILT_PRODUCTS_DIR; };
		FEF3DFD32565A5DD00D7D1A8 /* AppDelegate.swift */ = {isa = PBXFileReference; lastKnownFileType = sourcecode.swift; path = AppDelegate.swift; sourceTree = "<group>"; };
		FEF3DFD52565A5DE00D7D1A8 /* SceneDelegate.swift */ = {isa = PBXFileReference; lastKnownFileType = sourcecode.swift; path = SceneDelegate.swift; sourceTree = "<group>"; };
		FEF3DFD72565A5DE00D7D1A8 /* ViewController.swift */ = {isa = PBXFileReference; lastKnownFileType = sourcecode.swift; path = ViewController.swift; sourceTree = "<group>"; };
		FEF3DFDA2565A5DE00D7D1A8 /* Base */ = {isa = PBXFileReference; lastKnownFileType = file.storyboard; name = Base; path = Base.lproj/Main.storyboard; sourceTree = "<group>"; };
		FEF3DFDC2565A5DE00D7D1A8 /* Assets.xcassets */ = {isa = PBXFileReference; lastKnownFileType = folder.assetcatalog; path = Assets.xcassets; sourceTree = "<group>"; };
		FEF3DFDF2565A5DE00D7D1A8 /* Base */ = {isa = PBXFileReference; lastKnownFileType = file.storyboard; name = Base; path = Base.lproj/LaunchScreen.storyboard; sourceTree = "<group>"; };
		FEF3DFE12565A5DE00D7D1A8 /* Info.plist */ = {isa = PBXFileReference; lastKnownFileType = text.plist.xml; path = Info.plist; sourceTree = "<group>"; };
/* End PBXFileReference section */

/* Begin PBXFrameworksBuildPhase section */
		FEF3DFCD2565A5DD00D7D1A8 /* Frameworks */ = {
			isa = PBXFrameworksBuildPhase;
			buildActionMask = 2147483647;
			files = (
			);
			runOnlyForDeploymentPostprocessing = 0;
		};
/* End PBXFrameworksBuildPhase section */

/* Begin PBXGroup section */
		FEF3DFC72565A5DD00D7D1A8 = {
			isa = PBXGroup;
			children = (
				FEF3DFD22565A5DD00D7D1A8 /* Lesson 3.1 */,
				FEF3DFD12565A5DD00D7D1A8 /* Products */,
			);
			sourceTree = "<group>";
		};
		FEF3DFD12565A5DD00D7D1A8 /* Products */ = {
			isa = PBXGroup;
			children = (
				FEF3DFD02565A5DD00D7D1A8 /* Lesson 3.1.app */,
			);
			name = Products;
			sourceTree = "<group>";
		};
		FEF3DFD22565A5DD00D7D1A8 /* Lesson 3.1 */ = {
			isa = PBXGroup;
			children = (
				FEF3DFD32565A5DD00D7D1A8 /* AppDelegate.swift */,
				FEF3DFD52565A5DE00D7D1A8 /* SceneDelegate.swift */,
				FEF3DFD72565A5DE00D7D1A8 /* ViewController.swift */,
				FEF3DFD92565A5DE00D7D1A8 /* Main.storyboard */,
				FEF3DFDC2565A5DE00D7D1A8 /* Assets.xcassets */,
				FEF3DFDE2565A5DE00D7D1A8 /* LaunchScreen.storyboard */,
				FEF3DFE12565A5DE00D7D1A8 /* Info.plist */,
			);
			path = "Lesson 3.1";
			sourceTree = "<group>";
		};
/* End PBXGroup section */

/* Begin PBXNativeTarget section */
		FEF3DFCF2565A5DD00D7D1A8 /* Lesson 3.1 */ = {
			isa = PBXNativeTarget;
			buildConfigurationList = FEF3DFE42565A5DE00D7D1A8 /* Build configuration list for PBXNativeTarget "Lesson 3.1" */;
			buildPhases = (
				FEF3DFCC2565A5DD00D7D1A8 /* Sources */,
				FEF3DFCD2565A5DD00D7D1A8 /* Frameworks */,
				FEF3DFCE2565A5DD00D7D1A8 /* Resources */,
			);
			buildRules = (
			);
			dependencies = (
			);
			name = "Lesson 3.1";
			productName = "Lesson 3.1";
			productReference = FEF3DFD02565A5DD00D7D1A8 /* Lesson 3.1.app */;
			productType = "com.apple.product-type.application";
		};
/* End PBXNativeTarget section */

/* Begin PBXProject section */
		FEF3DFC82565A5DD00D7D1A8 /* Project object */ = {
			isa = PBXProject;
			attributes = {
				LastSwiftUpdateCheck = 1220;
				LastUpgradeCheck = 1220;
				TargetAttributes = {
					FEF3DFCF2565A5DD00D7D1A8 = {
						CreatedOnToolsVersion = 12.2;
					};
				};
			};
			buildConfigurationList = FEF3DFCB2565A5DD00D7D1A8 /* Build configuration list for PBXProject "Lesson 3.1" */;
			compatibilityVersion = "Xcode 9.3";
			developmentRegion = en;
			hasScannedForEncodings = 0;
			knownRegions = (
				en,
				Base,
			);
			mainGroup = FEF3DFC72565A5DD00D7D1A8;
			productRefGroup = FEF3DFD12565A5DD00D7D1A8 /* Products */;
			projectDirPath = "";
			projectRoot = "";
			targets = (
				FEF3DFCF2565A5DD00D7D1A8 /* Lesson 3.1 */,
			);
		};
/* End PBXProject section */

/* Begin PBXResourcesBuildPhase section */
		FEF3DFCE2565A5DD00D7D1A8 /* Resources */ = {
			isa = PBXResourcesBuildPhase;
			buildActionMask = 2147483647;
			files = (
				FEF3DFE02565A5DE00D7D1A8 /* LaunchScreen.storyboard in Resources */,
				FEF3DFDD2565A5DE00D7D1A8 /* Assets.xcassets in Resources */,
				FEF3DFDB2565A5DE00D7D1A8 /* Main.storyboard in Resources */,
			);
			runOnlyForDeploymentPostprocessing = 0;
		};
/* End PBXResourcesBuildPhase section */

/* Begin PBXSourcesBuildPhase section */
		FEF3DFCC2565A5DD00D7D1A8 /* Sources */ = {
			isa = PBXSourcesBuildPhase;
			buildActionMask = 2147483647;
			files = (
				FEF3DFD82565A5DE00D7D1A8 /* ViewController.swift in Sources */,
				FEF3DFD42565A5DD00D7D1A8 /* AppDelegate.swift in Sources */,
				FEF3DFD62565A5DE00D7D1A8 /* SceneDelegate.swift in Sources */,
			);
			runOnlyForDeploymentPostprocessing = 0;
		};
/* End PBXSourcesBuildPhase section */

/* Begin PBXVariantGroup section */
		FEF3DFD92565A5DE00D7D1A8 /* Main.storyboard */ = {
			isa = PBXVariantGroup;
			children = (
				FEF3DFDA2565A5DE00D7D1A8 /* Base */,
			);
			name = Main.storyboard;
			sourceTree = "<group>";
		};
		FEF3DFDE2565A5DE00D7D1A8 /* LaunchScreen.storyboard */ = {
			isa = PBXVariantGroup;
			children = (
				FEF3DFDF2565A5DE00D7D1A8 /* Base */,
			);
			name = LaunchScreen.storyboard;
			sourceTree = "<group>";
		};
/* End PBXVariantGroup section */

/* Begin XCBuildConfiguration section */
		FEF3DFE22565A5DE00D7D1A8 /* Debug */ = {
			isa = XCBuildConfiguration;
			buildSettings = {
				ALWAYS_SEARCH_USER_PATHS = NO;
				CLANG_ANALYZER_NONNULL = YES;
				CLANG_ANALYZER_NUMBER_OBJECT_CONVERSION = YES_AGGRESSIVE;
				CLANG_CXX_LANGUAGE_STANDARD = "gnu++14";
				CLANG_CXX_LIBRARY = "libc++";
				CLANG_ENABLE_MODULES = YES;
				CLANG_ENABLE_OBJC_ARC = YES;
				CLANG_ENABLE_OBJC_WEAK = YES;
				CLANG_WARN_BLOCK_CAPTURE_AUTORELEASING = YES;
				CLANG_WARN_BOOL_CONVERSION = YES;
				CLANG_WARN_COMMA = YES;
				CLANG_WARN_CONSTANT_CONVERSION = YES;
				CLANG_WARN_DEPRECATED_OBJC_IMPLEMENTATIONS = YES;
				CLANG_WARN_DIRECT_OBJC_ISA_USAGE = YES_ERROR;
				CLANG_WARN_DOCUMENTATION_COMMENTS = YES;
				CLANG_WARN_EMPTY_BODY = YES;
				CLANG_WARN_ENUM_CONVERSION = YES;
				CLANG_WARN_INFINITE_RECURSION = YES;
				CLANG_WARN_INT_CONVERSION = YES;
				CLANG_WARN_NON_LITERAL_NULL_CONVERSION = YES;
				CLANG_WARN_OBJC_IMPLICIT_RETAIN_SELF = YES;
				CLANG_WARN_OBJC_LITERAL_CONVERSION = YES;
				CLANG_WARN_OBJC_ROOT_CLASS = YES_ERROR;
				CLANG_WARN_QUOTED_INCLUDE_IN_FRAMEWORK_HEADER = YES;
				CLANG_WARN_RANGE_LOOP_ANALYSIS = YES;
				CLANG_WARN_STRICT_PROTOTYPES = YES;
				CLANG_WARN_SUSPICIOUS_MOVE = YES;
				CLANG_WARN_UNGUARDED_AVAILABILITY = YES_AGGRESSIVE;
				CLANG_WARN_UNREACHABLE_CODE = YES;
				CLANG_WARN__DUPLICATE_METHOD_MATCH = YES;
				COPY_PHASE_STRIP = NO;
				DEBUG_INFORMATION_FORMAT = dwarf;
				ENABLE_STRICT_OBJC_MSGSEND = YES;
				ENABLE_TESTABILITY = YES;
				GCC_C_LANGUAGE_STANDARD = gnu11;
				GCC_DYNAMIC_NO_PIC = NO;
				GCC_NO_COMMON_BLOCKS = YES;
				GCC_OPTIMIZATION_LEVEL = 0;
				GCC_PREPROCESSOR_DEFINITIONS = (
					"DEBUG=1",
					"$(inherited)",
				);
				GCC_WARN_64_TO_32_BIT_CONVERSION = YES;
				GCC_WARN_ABOUT_RETURN_TYPE = YES_ERROR;
				GCC_WARN_UNDECLARED_SELECTOR = YES;
				GCC_WARN_UNINITIALIZED_AUTOS = YES_AGGRESSIVE;
				GCC_WARN_UNUSED_FUNCTION = YES;
				GCC_WARN_UNUSED_VARIABLE = YES;
				IPHONEOS_DEPLOYMENT_TARGET = 14.2;
				MTL_ENABLE_DEBUG_INFO = INCLUDE_SOURCE;
				MTL_FAST_MATH = YES;
				ONLY_ACTIVE_ARCH = YES;
				SDKROOT = iphoneos;
				SWIFT_ACTIVE_COMPILATION_CONDITIONS = DEBUG;
				SWIFT_OPTIMIZATION_LEVEL = "-Onone";
			};
			name = Debug;
		};
		FEF3DFE32565A5DE00D7D1A8 /* Release */ = {
			isa = XCBuildConfiguration;
			buildSettings = {
				ALWAYS_SEARCH_USER_PATHS = NO;
				CLANG_ANALYZER_NONNULL = YES;
				CLANG_ANALYZER_NUMBER_OBJECT_CONVERSION = YES_AGGRESSIVE;
				CLANG_CXX_LANGUAGE_STANDARD = "gnu++14";
				CLANG_CXX_LIBRARY = "libc++";
				CLANG_ENABLE_MODULES = YES;
				CLANG_ENABLE_OBJC_ARC = YES;
				CLANG_ENABLE_OBJC_WEAK = YES;
				CLANG_WARN_BLOCK_CAPTURE_AUTORELEASING = YES;
				CLANG_WARN_BOOL_CONVERSION = YES;
				CLANG_WARN_COMMA = YES;
				CLANG_WARN_CONSTANT_CONVERSION = YES;
				CLANG_WARN_DEPRECATED_OBJC_IMPLEMENTATIONS = YES;
				CLANG_WARN_DIRECT_OBJC_ISA_USAGE = YES_ERROR;
				CLANG_WARN_DOCUMENTATION_COMMENTS = YES;
				CLANG_WARN_EMPTY_BODY = YES;
				CLANG_WARN_ENUM_CONVERSION = YES;
				CLANG_WARN_INFINITE_RECURSION = YES;
				CLANG_WARN_INT_CONVERSION = YES;
				CLANG_WARN_NON_LITERAL_NULL_CONVERSION = YES;
				CLANG_WARN_OBJC_IMPLICIT_RETAIN_SELF = YES;
				CLANG_WARN_OBJC_LITERAL_CONVERSION = YES;
				CLANG_WARN_OBJC_ROOT_CLASS = YES_ERROR;
				CLANG_WARN_QUOTED_INCLUDE_IN_FRAMEWORK_HEADER = YES;
				CLANG_WARN_RANGE_LOOP_ANALYSIS = YES;
				CLANG_WARN_STRICT_PROTOTYPES = YES;
				CLANG_WARN_SUSPICIOUS_MOVE = YES;
				CLANG_WARN_UNGUARDED_AVAILABILITY = YES_AGGRESSIVE;
				CLANG_WARN_UNREACHABLE_CODE = YES;
				CLANG_WARN__DUPLICATE_METHOD_MATCH = YES;
				COPY_PHASE_STRIP = NO;
				DEBUG_INFORMATION_FORMAT = "dwarf-with-dsym";
				ENABLE_NS_ASSERTIONS = NO;
				ENABLE_STRICT_OBJC_MSGSEND = YES;
				GCC_C_LANGUAGE_STANDARD = gnu11;
				GCC_NO_COMMON_BLOCKS = YES;
				GCC_WARN_64_TO_32_BIT_CONVERSION = YES;
				GCC_WARN_ABOUT_RETURN_TYPE = YES_ERROR;
				GCC_WARN_UNDECLARED_SELECTOR = YES;
				GCC_WARN_UNINITIALIZED_AUTOS = YES_AGGRESSIVE;
				GCC_WARN_UNUSED_FUNCTION = YES;
				GCC_WARN_UNUSED_VARIABLE = YES;
				IPHONEOS_DEPLOYMENT_TARGET = 14.2;
				MTL_ENABLE_DEBUG_INFO = NO;
				MTL_FAST_MATH = YES;
				SDKROOT = iphoneos;
				SWIFT_COMPILATION_MODE = wholemodule;
				SWIFT_OPTIMIZATION_LEVEL = "-O";
				VALIDATE_PRODUCT = YES;
			};
			name = Release;
		};
		FEF3DFE52565A5DE00D7D1A8 /* Debug */ = {
			isa = XCBuildConfiguration;
			buildSettings = {
				ASSETCATALOG_COMPILER_APPICON_NAME = AppIcon;
				ASSETCATALOG_COMPILER_GLOBAL_ACCENT_COLOR_NAME = AccentColor;
				CODE_SIGN_STYLE = Automatic;
				DEVELOPMENT_TEAM = QZZ5827BGY;
				INFOPLIST_FILE = "Lesson 3.1/Info.plist";
				LD_RUNPATH_SEARCH_PATHS = (
					"$(inherited)",
					"@executable_path/Frameworks",
				);
				PRODUCT_BUNDLE_IDENTIFIER = "t.begishev.Lesson-3-1";
				PRODUCT_NAME = "$(TARGET_NAME)";
				SWIFT_VERSION = 5.0;
				TARGETED_DEVICE_FAMILY = "1,2";
			};
			name = Debug;
		};
		FEF3DFE62565A5DE00D7D1A8 /* Release */ = {
			isa = XCBuildConfiguration;
			buildSettings = {
				ASSETCATALOG_COMPILER_APPICON_NAME = AppIcon;
				ASSETCATALOG_COMPILER_GLOBAL_ACCENT_COLOR_NAME = AccentColor;
				CODE_SIGN_STYLE = Automatic;
				DEVELOPMENT_TEAM = QZZ5827BGY;
				INFOPLIST_FILE = "Lesson 3.1/Info.plist";
				LD_RUNPATH_SEARCH_PATHS = (
					"$(inherited)",
					"@executable_path/Frameworks",
				);
				PRODUCT_BUNDLE_IDENTIFIER = "t.begishev.Lesson-3-1";
				PRODUCT_NAME = "$(TARGET_NAME)";
				SWIFT_VERSION = 5.0;
				TARGETED_DEVICE_FAMILY = "1,2";
			};
			name = Release;
		};
/* End XCBuildConfiguration section */

/* Begin XCConfigurationList section */
		FEF3DFCB2565A5DD00D7D1A8 /* Build configuration list for PBXProject "Lesson 3.1" */ = {
			isa = XCConfigurationList;
			buildConfigurations = (
				FEF3DFE22565A5DE00D7D1A8 /* Debug */,
				FEF3DFE32565A5DE00D7D1A8 /* Release */,
			);
			defaultConfigurationIsVisible = 0;
			defaultConfigurationName = Release;
		};
		FEF3DFE42565A5DE00D7D1A8 /* Build configuration list for PBXNativeTarget "Lesson 3.1" */ = {
			isa = XCConfigurationList;
			buildConfigurations = (
				FEF3DFE52565A5DE00D7D1A8 /* Debug */,
				FEF3DFE62565A5DE00D7D1A8 /* Release */,
			);
			defaultConfigurationIsVisible = 0;
			defaultConfigurationName = Release;
		};
/* End XCConfigurationList section */
	};
	rootObject = FEF3DFC82565A5DD00D7D1A8 /* Project object */;
}
